
Microsoft Visual Studio Solution File, Format Version 12.00
# Visual Studio Version 17
VisualStudioVersion = 17.9.34714.143
MinimumVisualStudioVersion = 10.0.40219.1
Project("{FAE04EC0-301F-11D3-BF4B-00C04F79EFBC}") = "BeautySalon", "BeautySalon\BeautySalon.csproj", "{7F098261-DB75-42C9-A68C-21FF7D71BB22}"
EndProject
Global
	GlobalSection(SolutionConfigurationPlatforms) = preSolution
		Debug|Any CPU = Debug|Any CPU
		Release|Any CPU = Release|Any CPU
	EndGlobalSection
	GlobalSection(ProjectConfigurationPlatforms) = postSolution
		{7F098261-DB75-42C9-A68C-21FF7D71BB22}.Debug|Any CPU.ActiveCfg = Debug|Any CPU
		{7F098261-DB75-42C9-A68C-21FF7D71BB22}.Debug|Any CPU.Build.0 = Debug|Any CPU
		{7F098261-DB75-42C9-A68C-21FF7D71BB22}.Release|Any CPU.ActiveCfg = Release|Any CPU
		{7F098261-DB75-42C9-A68C-21FF7D71BB22}.Release|Any CPU.Build.0 = Release|Any CPU
	EndGlobalSection
	GlobalSection(SolutionProperties) = preSolution
		HideSolutionNode = FALSE
	EndGlobalSection
	GlobalSection(ExtensibilityGlobals) = postSolution
		SolutionGuid = {CB98BBF8-D142-4F6D-ABCE-216319AB03DE}
	EndGlobalSection
EndGlobal
